// !$*UTF8*$!
{
	archiveVersion = 1;
	classes = {
	};
	objectVersion = 56;
	objects = {

/* Begin PBXBuildFile section */
		329A04552BADD62C00AFCDC7 /* LightPathApp.swift in Sources */ = {isa = PBXBuildFile; fileRef = 329A04542BADD62C00AFCDC7 /* LightPathApp.swift */; };
		329A04572BADD62C00AFCDC7 /* ContentView.swift in Sources */ = {isa = PBXBuildFile; fileRef = 329A04562BADD62C00AFCDC7 /* ContentView.swift */; };
		329A04592BADD62E00AFCDC7 /* Assets.xcassets in Resources */ = {isa = PBXBuildFile; fileRef = 329A04582BADD62E00AFCDC7 /* Assets.xcassets */; };
		329A045C2BADD62E00AFCDC7 /* Preview Assets.xcassets in Resources */ = {isa = PBXBuildFile; fileRef = 329A045B2BADD62E00AFCDC7 /* Preview Assets.xcassets */; };
		329A04662BADD62E00AFCDC7 /* LightPathTests.swift in Sources */ = {isa = PBXBuildFile; fileRef = 329A04652BADD62E00AFCDC7 /* LightPathTests.swift */; };
		329A04702BADD62E00AFCDC7 /* LightPathUITests.swift in Sources */ = {isa = PBXBuildFile; fileRef = 329A046F2BADD62E00AFCDC7 /* LightPathUITests.swift */; };
		329A04722BADD62E00AFCDC7 /* LightPathUITestsLaunchTests.swift in Sources */ = {isa = PBXBuildFile; fileRef = 329A04712BADD62E00AFCDC7 /* LightPathUITestsLaunchTests.swift */; };
/* End PBXBuildFile section */

/* Begin PBXContainerItemProxy section */
		329A04622BADD62E00AFCDC7 /* PBXContainerItemProxy */ = {
			isa = PBXContainerItemProxy;
			containerPortal = 329A04492BADD62C00AFCDC7 /* Project object */;
			proxyType = 1;
			remoteGlobalIDString = 329A04502BADD62C00AFCDC7;
			remoteInfo = LightPath;
		};
		329A046C2BADD62E00AFCDC7 /* PBXContainerItemProxy */ = {
			isa = PBXContainerItemProxy;
			containerPortal = 329A04492BADD62C00AFCDC7 /* Project object */;
			proxyType = 1;
			remoteGlobalIDString = 329A04502BADD62C00AFCDC7;
			remoteInfo = LightPath;
		};
/* End PBXContainerItemProxy section */

/* Begin PBXFileReference section */
		329A04512BADD62C00AFCDC7 /* LightPath.app */ = {isa = PBXFileReference; explicitFileType = wrapper.application; includeInIndex = 0; path = LightPath.app; sourceTree = BUILT_PRODUCTS_DIR; };
		329A04542BADD62C00AFCDC7 /* LightPathApp.swift */ = {isa = PBXFileReference; lastKnownFileType = sourcecode.swift; path = LightPathApp.swift; sourceTree = "<group>"; };
		329A04562BADD62C00AFCDC7 /* ContentView.swift */ = {isa = PBXFileReference; lastKnownFileType = sourcecode.swift; path = ContentView.swift; sourceTree = "<group>"; };
		329A04582BADD62E00AFCDC7 /* Assets.xcassets */ = {isa = PBXFileReference; lastKnownFileType = folder.assetcatalog; path = Assets.xcassets; sourceTree = "<group>"; };
		329A045B2BADD62E00AFCDC7 /* Preview Assets.xcassets */ = {isa = PBXFileReference; lastKnownFileType = folder.assetcatalog; path = "Preview Assets.xcassets"; sourceTree = "<group>"; };
		329A04612BADD62E00AFCDC7 /* LightPathTests.xctest */ = {isa = PBXFileReference; explicitFileType = wrapper.cfbundle; includeInIndex = 0; path = LightPathTests.xctest; sourceTree = BUILT_PRODUCTS_DIR; };
		329A04652BADD62E00AFCDC7 /* LightPathTests.swift */ = {isa = PBXFileReference; lastKnownFileType = sourcecode.swift; path = LightPathTests.swift; sourceTree = "<group>"; };
		329A046B2BADD62E00AFCDC7 /* LightPathUITests.xctest */ = {isa = PBXFileReference; explicitFileType = wrapper.cfbundle; includeInIndex = 0; path = LightPathUITests.xctest; sourceTree = BUILT_PRODUCTS_DIR; };
		329A046F2BADD62E00AFCDC7 /* LightPathUITests.swift */ = {isa = PBXFileReference; lastKnownFileType = sourcecode.swift; path = LightPathUITests.swift; sourceTree = "<group>"; };
		329A04712BADD62E00AFCDC7 /* LightPathUITestsLaunchTests.swift */ = {isa = PBXFileReference; lastKnownFileType = sourcecode.swift; path = LightPathUITestsLaunchTests.swift; sourceTree = "<group>"; };
/* End PBXFileReference section */

/* Begin PBXFrameworksBuildPhase section */
		329A044E2BADD62C00AFCDC7 /* Frameworks */ = {
			isa = PBXFrameworksBuildPhase;
			buildActionMask = 2147483647;
			files = (
			);
			runOnlyForDeploymentPostprocessing = 0;
		};
		329A045E2BADD62E00AFCDC7 /* Frameworks */ = {
			isa = PBXFrameworksBuildPhase;
			buildActionMask = 2147483647;
			files = (
			);
			runOnlyForDeploymentPostprocessing = 0;
		};
		329A04682BADD62E00AFCDC7 /* Frameworks */ = {
			isa = PBXFrameworksBuildPhase;
			buildActionMask = 2147483647;
			files = (
			);
			runOnlyForDeploymentPostprocessing = 0;
		};
/* End PBXFrameworksBuildPhase section */

/* Begin PBXGroup section */
		329A04482BADD62C00AFCDC7 = {
			isa = PBXGroup;
			children = (
				329A04532BADD62C00AFCDC7 /* LightPath */,
				329A04642BADD62E00AFCDC7 /* LightPathTests */,
				329A046E2BADD62E00AFCDC7 /* LightPathUITests */,
				329A04522BADD62C00AFCDC7 /* Products */,
			);
			sourceTree = "<group>";
		};
		329A04522BADD62C00AFCDC7 /* Products */ = {
			isa = PBXGroup;
			children = (
				329A04512BADD62C00AFCDC7 /* LightPath.app */,
				329A04612BADD62E00AFCDC7 /* LightPathTests.xctest */,
				329A046B2BADD62E00AFCDC7 /* LightPathUITests.xctest */,
			);
			name = Products;
			sourceTree = "<group>";
		};
		329A04532BADD62C00AFCDC7 /* LightPath */ = {
			isa = PBXGroup;
			children = (
				329A04542BADD62C00AFCDC7 /* LightPathApp.swift */,
				329A04562BADD62C00AFCDC7 /* ContentView.swift */,
				329A04582BADD62E00AFCDC7 /* Assets.xcassets */,
				329A045A2BADD62E00AFCDC7 /* Preview Content */,
			);
			path = LightPath;
			sourceTree = "<group>";
		};
		329A045A2BADD62E00AFCDC7 /* Preview Content */ = {
			isa = PBXGroup;
			children = (
				329A045B2BADD62E00AFCDC7 /* Preview Assets.xcassets */,
			);
			path = "Preview Content";
			sourceTree = "<group>";
		};
		329A04642BADD62E00AFCDC7 /* LightPathTests */ = {
			isa = PBXGroup;
			children = (
				329A04652BADD62E00AFCDC7 /* LightPathTests.swift */,
			);
			path = LightPathTests;
			sourceTree = "<group>";
		};
		329A046E2BADD62E00AFCDC7 /* LightPathUITests */ = {
			isa = PBXGroup;
			children = (
				329A046F2BADD62E00AFCDC7 /* LightPathUITests.swift */,
				329A04712BADD62E00AFCDC7 /* LightPathUITestsLaunchTests.swift */,
			);
			path = LightPathUITests;
			sourceTree = "<group>";
		};
/* End PBXGroup section */

/* Begin PBXNativeTarget section */
		329A04502BADD62C00AFCDC7 /* LightPath */ = {
			isa = PBXNativeTarget;
			buildConfigurationList = 329A04752BADD62E00AFCDC7 /* Build configuration list for PBXNativeTarget "LightPath" */;
			buildPhases = (
				329A044D2BADD62C00AFCDC7 /* Sources */,
				329A044E2BADD62C00AFCDC7 /* Frameworks */,
				329A044F2BADD62C00AFCDC7 /* Resources */,
			);
			buildRules = (
			);
			dependencies = (
			);
			name = LightPath;
			productName = LightPath;
			productReference = 329A04512BADD62C00AFCDC7 /* LightPath.app */;
			productType = "com.apple.product-type.application";
		};
		329A04602BADD62E00AFCDC7 /* LightPathTests */ = {
			isa = PBXNativeTarget;
			buildConfigurationList = 329A04782BADD62E00AFCDC7 /* Build configuration list for PBXNativeTarget "LightPathTests" */;
			buildPhases = (
				329A045D2BADD62E00AFCDC7 /* Sources */,
				329A045E2BADD62E00AFCDC7 /* Frameworks */,
				329A045F2BADD62E00AFCDC7 /* Resources */,
			);
			buildRules = (
			);
			dependencies = (
				329A04632BADD62E00AFCDC7 /* PBXTargetDependency */,
			);
			name = LightPathTests;
			productName = LightPathTests;
			productReference = 329A04612BADD62E00AFCDC7 /* LightPathTests.xctest */;
			productType = "com.apple.product-type.bundle.unit-test";
		};
		329A046A2BADD62E00AFCDC7 /* LightPathUITests */ = {
			isa = PBXNativeTarget;
			buildConfigurationList = 329A047B2BADD62E00AFCDC7 /* Build configuration list for PBXNativeTarget "LightPathUITests" */;
			buildPhases = (
				329A04672BADD62E00AFCDC7 /* Sources */,
				329A04682BADD62E00AFCDC7 /* Frameworks */,
				329A04692BADD62E00AFCDC7 /* Resources */,
			);
			buildRules = (
			);
			dependencies = (
				329A046D2BADD62E00AFCDC7 /* PBXTargetDependency */,
			);
			name = LightPathUITests;
			productName = LightPathUITests;
			productReference = 329A046B2BADD62E00AFCDC7 /* LightPathUITests.xctest */;
			productType = "com.apple.product-type.bundle.ui-testing";
		};
/* End PBXNativeTarget section */

/* Begin PBXProject section */
		329A04492BADD62C00AFCDC7 /* Project object */ = {
			isa = PBXProject;
			attributes = {
				BuildIndependentTargetsInParallel = 1;
				LastSwiftUpdateCheck = 1520;
				LastUpgradeCheck = 1520;
				TargetAttributes = {
					329A04502BADD62C00AFCDC7 = {
						CreatedOnToolsVersion = 15.2;
					};
					329A04602BADD62E00AFCDC7 = {
						CreatedOnToolsVersion = 15.2;
						TestTargetID = 329A04502BADD62C00AFCDC7;
					};
					329A046A2BADD62E00AFCDC7 = {
						CreatedOnToolsVersion = 15.2;
						TestTargetID = 329A04502BADD62C00AFCDC7;
					};
				};
			};
			buildConfigurationList = 329A044C2BADD62C00AFCDC7 /* Build configuration list for PBXProject "LightPath" */;
			compatibilityVersion = "Xcode 14.0";
			developmentRegion = en;
			hasScannedForEncodings = 0;
			knownRegions = (
				en,
				Base,
			);
			mainGroup = 329A04482BADD62C00AFCDC7;
			productRefGroup = 329A04522BADD62C00AFCDC7 /* Products */;
			projectDirPath = "";
			projectRoot = "";
			targets = (
				329A04502BADD62C00AFCDC7 /* LightPath */,
				329A04602BADD62E00AFCDC7 /* LightPathTests */,
				329A046A2BADD62E00AFCDC7 /* LightPathUITests */,
			);
		};
/* End PBXProject section */

/* Begin PBXResourcesBuildPhase section */
		329A044F2BADD62C00AFCDC7 /* Resources */ = {
			isa = PBXResourcesBuildPhase;
			buildActionMask = 2147483647;
			files = (
				329A045C2BADD62E00AFCDC7 /* Preview Assets.xcassets in Resources */,
				329A04592BADD62E00AFCDC7 /* Assets.xcassets in Resources */,
			);
			runOnlyForDeploymentPostprocessing = 0;
		};
		329A045F2BADD62E00AFCDC7 /* Resources */ = {
			isa = PBXResourcesBuildPhase;
			buildActionMask = 2147483647;
			files = (
			);
			runOnlyForDeploymentPostprocessing = 0;
		};
		329A04692BADD62E00AFCDC7 /* Resources */ = {
			isa = PBXResourcesBuildPhase;
			buildActionMask = 2147483647;
			files = (
			);
			runOnlyForDeploymentPostprocessing = 0;
		};
/* End PBXResourcesBuildPhase section */

/* Begin PBXSourcesBuildPhase section */
		329A044D2BADD62C00AFCDC7 /* Sources */ = {
			isa = PBXSourcesBuildPhase;
			buildActionMask = 2147483647;
			files = (
				329A04572BADD62C00AFCDC7 /* ContentView.swift in Sources */,
				329A04552BADD62C00AFCDC7 /* LightPathApp.swift in Sources */,
			);
			runOnlyForDeploymentPostprocessing = 0;
		};
		329A045D2BADD62E00AFCDC7 /* Sources */ = {
			isa = PBXSourcesBuildPhase;
			buildActionMask = 2147483647;
			files = (
				329A04662BADD62E00AFCDC7 /* LightPathTests.swift in Sources */,
			);
			runOnlyForDeploymentPostprocessing = 0;
		};
		329A04672BADD62E00AFCDC7 /* Sources */ = {
			isa = PBXSourcesBuildPhase;
			buildActionMask = 2147483647;
			files = (
				329A04722BADD62E00AFCDC7 /* LightPathUITestsLaunchTests.swift in Sources */,
				329A04702BADD62E00AFCDC7 /* LightPathUITests.swift in Sources */,
			);
			runOnlyForDeploymentPostprocessing = 0;
		};
/* End PBXSourcesBuildPhase section */

/* Begin PBXTargetDependency section */
		329A04632BADD62E00AFCDC7 /* PBXTargetDependency */ = {
			isa = PBXTargetDependency;
			target = 329A04502BADD62C00AFCDC7 /* LightPath */;
			targetProxy = 329A04622BADD62E00AFCDC7 /* PBXContainerItemProxy */;
		};
		329A046D2BADD62E00AFCDC7 /* PBXTargetDependency */ = {
			isa = PBXTargetDependency;
			target = 329A04502BADD62C00AFCDC7 /* LightPath */;
			targetProxy = 329A046C2BADD62E00AFCDC7 /* PBXContainerItemProxy */;
		};
/* End PBXTargetDependency section */

/* Begin XCBuildConfiguration section */
		329A04732BADD62E00AFCDC7 /* Debug */ = {
			isa = XCBuildConfiguration;
			buildSettings = {
				ALWAYS_SEARCH_USER_PATHS = NO;
				ASSETCATALOG_COMPILER_GENERATE_SWIFT_ASSET_SYMBOL_EXTENSIONS = YES;
				CLANG_ANALYZER_NONNULL = YES;
				CLANG_ANALYZER_NUMBER_OBJECT_CONVERSION = YES_AGGRESSIVE;
				CLANG_CXX_LANGUAGE_STANDARD = "gnu++20";
				CLANG_ENABLE_MODULES = YES;
				CLANG_ENABLE_OBJC_ARC = YES;
				CLANG_ENABLE_OBJC_WEAK = YES;
				CLANG_WARN_BLOCK_CAPTURE_AUTORELEASING = YES;
				CLANG_WARN_BOOL_CONVERSION = YES;
				CLANG_WARN_COMMA = YES;
				CLANG_WARN_CONSTANT_CONVERSION = YES;
				CLANG_WARN_DEPRECATED_OBJC_IMPLEMENTATIONS = YES;
				CLANG_WARN_DIRECT_OBJC_ISA_USAGE = YES_ERROR;
				CLANG_WARN_DOCUMENTATION_COMMENTS = YES;
				CLANG_WARN_EMPTY_BODY = YES;
				CLANG_WARN_ENUM_CONVERSION = YES;
				CLANG_WARN_INFINITE_RECURSION = YES;
				CLANG_WARN_INT_CONVERSION = YES;
				CLANG_WARN_NON_LITERAL_NULL_CONVERSION = YES;
				CLANG_WARN_OBJC_IMPLICIT_RETAIN_SELF = YES;
				CLANG_WARN_OBJC_LITERAL_CONVERSION = YES;
				CLANG_WARN_OBJC_ROOT_CLASS = YES_ERROR;
				CLANG_WARN_QUOTED_INCLUDE_IN_FRAMEWORK_HEADER = YES;
				CLANG_WARN_RANGE_LOOP_ANALYSIS = YES;
				CLANG_WARN_STRICT_PROTOTYPES = YES;
				CLANG_WARN_SUSPICIOUS_MOVE = YES;
				CLANG_WARN_UNGUARDED_AVAILABILITY = YES_AGGRESSIVE;
				CLANG_WARN_UNREACHABLE_CODE = YES;
				CLANG_WARN__DUPLICATE_METHOD_MATCH = YES;
				COPY_PHASE_STRIP = NO;
				DEBUG_INFORMATION_FORMAT = dwarf;
				ENABLE_STRICT_OBJC_MSGSEND = YES;
				ENABLE_TESTABILITY = YES;
				ENABLE_USER_SCRIPT_SANDBOXING = YES;
				GCC_C_LANGUAGE_STANDARD = gnu17;
				GCC_DYNAMIC_NO_PIC = NO;
				GCC_NO_COMMON_BLOCKS = YES;
				GCC_OPTIMIZATION_LEVEL = 0;
				GCC_PREPROCESSOR_DEFINITIONS = (
					"DEBUG=1",
					"$(inherited)",
				);
				GCC_WARN_64_TO_32_BIT_CONVERSION = YES;
				GCC_WARN_ABOUT_RETURN_TYPE = YES_ERROR;
				GCC_WARN_UNDECLARED_SELECTOR = YES;
				GCC_WARN_UNINITIALIZED_AUTOS = YES_AGGRESSIVE;
				GCC_WARN_UNUSED_FUNCTION = YES;
				GCC_WARN_UNUSED_VARIABLE = YES;
				IPHONEOS_DEPLOYMENT_TARGET = 17.2;
				LOCALIZATION_PREFERS_STRING_CATALOGS = YES;
				MTL_ENABLE_DEBUG_INFO = INCLUDE_SOURCE;
				MTL_FAST_MATH = YES;
				ONLY_ACTIVE_ARCH = YES;
				SDKROOT = iphoneos;
				SWIFT_ACTIVE_COMPILATION_CONDITIONS = "DEBUG $(inherited)";
				SWIFT_OPTIMIZATION_LEVEL = "-Onone";
			};
			name = Debug;
		};
		329A04742BADD62E00AFCDC7 /* Release */ = {
			isa = XCBuildConfiguration;
			buildSettings = {
				ALWAYS_SEARCH_USER_PATHS = NO;
				ASSETCATALOG_COMPILER_GENERATE_SWIFT_ASSET_SYMBOL_EXTENSIONS = YES;
				CLANG_ANALYZER_NONNULL = YES;
				CLANG_ANALYZER_NUMBER_OBJECT_CONVERSION = YES_AGGRESSIVE;
				CLANG_CXX_LANGUAGE_STANDARD = "gnu++20";
				CLANG_ENABLE_MODULES = YES;
				CLANG_ENABLE_OBJC_ARC = YES;
				CLANG_ENABLE_OBJC_WEAK = YES;
				CLANG_WARN_BLOCK_CAPTURE_AUTORELEASING = YES;
				CLANG_WARN_BOOL_CONVERSION = YES;
				CLANG_WARN_COMMA = YES;
				CLANG_WARN_CONSTANT_CONVERSION = YES;
				CLANG_WARN_DEPRECATED_OBJC_IMPLEMENTATIONS = YES;
				CLANG_WARN_DIRECT_OBJC_ISA_USAGE = YES_ERROR;
				CLANG_WARN_DOCUMENTATION_COMMENTS = YES;
				CLANG_WARN_EMPTY_BODY = YES;
				CLANG_WARN_ENUM_CONVERSION = YES;
				CLANG_WARN_INFINITE_RECURSION = YES;
				CLANG_WARN_INT_CONVERSION = YES;
				CLANG_WARN_NON_LITERAL_NULL_CONVERSION = YES;
				CLANG_WARN_OBJC_IMPLICIT_RETAIN_SELF = YES;
				CLANG_WARN_OBJC_LITERAL_CONVERSION = YES;
				CLANG_WARN_OBJC_ROOT_CLASS = YES_ERROR;
				CLANG_WARN_QUOTED_INCLUDE_IN_FRAMEWORK_HEADER = YES;
				CLANG_WARN_RANGE_LOOP_ANALYSIS = YES;
				CLANG_WARN_STRICT_PROTOTYPES = YES;
				CLANG_WARN_SUSPICIOUS_MOVE = YES;
				CLANG_WARN_UNGUARDED_AVAILABILITY = YES_AGGRESSIVE;
				CLANG_WARN_UNREACHABLE_CODE = YES;
				CLANG_WARN__DUPLICATE_METHOD_MATCH = YES;
				COPY_PHASE_STRIP = NO;
				DEBUG_INFORMATION_FORMAT = "dwarf-with-dsym";
				ENABLE_NS_ASSERTIONS = NO;
				ENABLE_STRICT_OBJC_MSGSEND = YES;
				ENABLE_USER_SCRIPT_SANDBOXING = YES;
				GCC_C_LANGUAGE_STANDARD = gnu17;
				GCC_NO_COMMON_BLOCKS = YES;
				GCC_WARN_64_TO_32_BIT_CONVERSION = YES;
				GCC_WARN_ABOUT_RETURN_TYPE = YES_ERROR;
				GCC_WARN_UNDECLARED_SELECTOR = YES;
				GCC_WARN_UNINITIALIZED_AUTOS = YES_AGGRESSIVE;
				GCC_WARN_UNUSED_FUNCTION = YES;
				GCC_WARN_UNUSED_VARIABLE = YES;
				IPHONEOS_DEPLOYMENT_TARGET = 17.2;
				LOCALIZATION_PREFERS_STRING_CATALOGS = YES;
				MTL_ENABLE_DEBUG_INFO = NO;
				MTL_FAST_MATH = YES;
				SDKROOT = iphoneos;
				SWIFT_COMPILATION_MODE = wholemodule;
				VALIDATE_PRODUCT = YES;
			};
			name = Release;
		};
		329A04762BADD62E00AFCDC7 /* Debug */ = {
			isa = XCBuildConfiguration;
			buildSettings = {
				ASSETCATALOG_COMPILER_APPICON_NAME = AppIcon;
				ASSETCATALOG_COMPILER_GLOBAL_ACCENT_COLOR_NAME = AccentColor;
				CODE_SIGN_STYLE = Automatic;
				CURRENT_PROJECT_VERSION = 1;
				DEVELOPMENT_ASSET_PATHS = "\"LightPath/Preview Content\"";
				DEVELOPMENT_TEAM = L6W3DL7P44;
				ENABLE_PREVIEWS = YES;
				GENERATE_INFOPLIST_FILE = YES;
				INFOPLIST_KEY_UIApplicationSceneManifest_Generation = YES;
				INFOPLIST_KEY_UIApplicationSupportsIndirectInputEvents = YES;
				INFOPLIST_KEY_UILaunchScreen_Generation = YES;
				INFOPLIST_KEY_UISupportedInterfaceOrientations_iPad = "UIInterfaceOrientationPortrait UIInterfaceOrientationPortraitUpsideDown UIInterfaceOrientationLandscapeLeft UIInterfaceOrientationLandscapeRight";
				INFOPLIST_KEY_UISupportedInterfaceOrientations_iPhone = "UIInterfaceOrientationPortrait UIInterfaceOrientationLandscapeLeft UIInterfaceOrientationLandscapeRight";
				LD_RUNPATH_SEARCH_PATHS = (
					"$(inherited)",
					"@executable_path/Frameworks",
				);
				MARKETING_VERSION = 1.0;
				PRODUCT_BUNDLE_IDENTIFIER = com.yuliiavanchytska.LightPath;
				PRODUCT_NAME = "$(TARGET_NAME)";
				SWIFT_EMIT_LOC_STRINGS = YES;
				SWIFT_VERSION = 5.0;
				TARGETED_DEVICE_FAMILY = "1,2";
			};
			name = Debug;
		};
		329A04772BADD62E00AFCDC7 /* Release */ = {
			isa = XCBuildConfiguration;
			buildSettings = {
				ASSETCATALOG_COMPILER_APPICON_NAME = AppIcon;
				ASSETCATALOG_COMPILER_GLOBAL_ACCENT_COLOR_NAME = AccentColor;
				CODE_SIGN_STYLE = Automatic;
				CURRENT_PROJECT_VERSION = 1;
				DEVELOPMENT_ASSET_PATHS = "\"LightPath/Preview Content\"";
				DEVELOPMENT_TEAM = L6W3DL7P44;
				ENABLE_PREVIEWS = YES;
				GENERATE_INFOPLIST_FILE = YES;
				INFOPLIST_KEY_UIApplicationSceneManifest_Generation = YES;
				INFOPLIST_KEY_UIApplicationSupportsIndirectInputEvents = YES;
				INFOPLIST_KEY_UILaunchScreen_Generation = YES;
				INFOPLIST_KEY_UISupportedInterfaceOrientations_iPad = "UIInterfaceOrientationPortrait UIInterfaceOrientationPortraitUpsideDown UIInterfaceOrientationLandscapeLeft UIInterfaceOrientationLandscapeRight";
				INFOPLIST_KEY_UISupportedInterfaceOrientations_iPhone = "UIInterfaceOrientationPortrait UIInterfaceOrientationLandscapeLeft UIInterfaceOrientationLandscapeRight";
				LD_RUNPATH_SEARCH_PATHS = (
					"$(inherited)",
					"@executable_path/Frameworks",
				);
				MARKETING_VERSION = 1.0;
				PRODUCT_BUNDLE_IDENTIFIER = com.yuliiavanchytska.LightPath;
				PRODUCT_NAME = "$(TARGET_NAME)";
				SWIFT_EMIT_LOC_STRINGS = YES;
				SWIFT_VERSION = 5.0;
				TARGETED_DEVICE_FAMILY = "1,2";
			};
			name = Release;
		};
		329A04792BADD62E00AFCDC7 /* Debug */ = {
			isa = XCBuildConfiguration;
			buildSettings = {
				ALWAYS_EMBED_SWIFT_STANDARD_LIBRARIES = YES;
				BUNDLE_LOADER = "$(TEST_HOST)";
				CODE_SIGN_STYLE = Automatic;
				CURRENT_PROJECT_VERSION = 1;
				DEVELOPMENT_TEAM = L6W3DL7P44;
				GENERATE_INFOPLIST_FILE = YES;
				IPHONEOS_DEPLOYMENT_TARGET = 17.2;
				MARKETING_VERSION = 1.0;
				PRODUCT_BUNDLE_IDENTIFIER = com.yuliiavanchytska.LightPathTests;
				PRODUCT_NAME = "$(TARGET_NAME)";
				SWIFT_EMIT_LOC_STRINGS = NO;
				SWIFT_VERSION = 5.0;
				TARGETED_DEVICE_FAMILY = "1,2";
				TEST_HOST = "$(BUILT_PRODUCTS_DIR)/LightPath.app/$(BUNDLE_EXECUTABLE_FOLDER_PATH)/LightPath";
			};
			name = Debug;
		};
		329A047A2BADD62E00AFCDC7 /* Release */ = {
			isa = XCBuildConfiguration;
			buildSettings = {
				ALWAYS_EMBED_SWIFT_STANDARD_LIBRARIES = YES;
				BUNDLE_LOADER = "$(TEST_HOST)";
				CODE_SIGN_STYLE = Automatic;
				CURRENT_PROJECT_VERSION = 1;
				DEVELOPMENT_TEAM = L6W3DL7P44;
				GENERATE_INFOPLIST_FILE = YES;
				IPHONEOS_DEPLOYMENT_TARGET = 17.2;
				MARKETING_VERSION = 1.0;
				PRODUCT_BUNDLE_IDENTIFIER = com.yuliiavanchytska.LightPathTests;
				PRODUCT_NAME = "$(TARGET_NAME)";
				SWIFT_EMIT_LOC_STRINGS = NO;
				SWIFT_VERSION = 5.0;
				TARGETED_DEVICE_FAMILY = "1,2";
				TEST_HOST = "$(BUILT_PRODUCTS_DIR)/LightPath.app/$(BUNDLE_EXECUTABLE_FOLDER_PATH)/LightPath";
			};
			name = Release;
		};
		329A047C2BADD62E00AFCDC7 /* Debug */ = {
			isa = XCBuildConfiguration;
			buildSettings = {
				ALWAYS_EMBED_SWIFT_STANDARD_LIBRARIES = YES;
				CODE_SIGN_STYLE = Automatic;
				CURRENT_PROJECT_VERSION = 1;
				DEVELOPMENT_TEAM = L6W3DL7P44;
				GENERATE_INFOPLIST_FILE = YES;
				MARKETING_VERSION = 1.0;
				PRODUCT_BUNDLE_IDENTIFIER = com.yuliiavanchytska.LightPathUITests;
				PRODUCT_NAME = "$(TARGET_NAME)";
				SWIFT_EMIT_LOC_STRINGS = NO;
				SWIFT_VERSION = 5.0;
				TARGETED_DEVICE_FAMILY = "1,2";
				TEST_TARGET_NAME = LightPath;
			};
			name = Debug;
		};
		329A047D2BADD62E00AFCDC7 /* Release */ = {
			isa = XCBuildConfiguration;
			buildSettings = {
				ALWAYS_EMBED_SWIFT_STANDARD_LIBRARIES = YES;
				CODE_SIGN_STYLE = Automatic;
				CURRENT_PROJECT_VERSION = 1;
				DEVELOPMENT_TEAM = L6W3DL7P44;
				GENERATE_INFOPLIST_FILE = YES;
				MARKETING_VERSION = 1.0;
				PRODUCT_BUNDLE_IDENTIFIER = com.yuliiavanchytska.LightPathUITests;
				PRODUCT_NAME = "$(TARGET_NAME)";
				SWIFT_EMIT_LOC_STRINGS = NO;
				SWIFT_VERSION = 5.0;
				TARGETED_DEVICE_FAMILY = "1,2";
				TEST_TARGET_NAME = LightPath;
			};
			name = Release;
		};
/* End XCBuildConfiguration section */

/* Begin XCConfigurationList section */
		329A044C2BADD62C00AFCDC7 /* Build configuration list for PBXProject "LightPath" */ = {
			isa = XCConfigurationList;
			buildConfigurations = (
				329A04732BADD62E00AFCDC7 /* Debug */,
				329A04742BADD62E00AFCDC7 /* Release */,
			);
			defaultConfigurationIsVisible = 0;
			defaultConfigurationName = Release;
		};
		329A04752BADD62E00AFCDC7 /* Build configuration list for PBXNativeTarget "LightPath" */ = {
			isa = XCConfigurationList;
			buildConfigurations = (
				329A04762BADD62E00AFCDC7 /* Debug */,
				329A04772BADD62E00AFCDC7 /* Release */,
			);
			defaultConfigurationIsVisible = 0;
			defaultConfigurationName = Release;
		};
		329A04782BADD62E00AFCDC7 /* Build configuration list for PBXNativeTarget "LightPathTests" */ = {
			isa = XCConfigurationList;
			buildConfigurations = (
				329A04792BADD62E00AFCDC7 /* Debug */,
				329A047A2BADD62E00AFCDC7 /* Release */,
			);
			defaultConfigurationIsVisible = 0;
			defaultConfigurationName = Release;
		};
		329A047B2BADD62E00AFCDC7 /* Build configuration list for PBXNativeTarget "LightPathUITests" */ = {
			isa = XCConfigurationList;
			buildConfigurations = (
				329A047C2BADD62E00AFCDC7 /* Debug */,
				329A047D2BADD62E00AFCDC7 /* Release */,
			);
			defaultConfigurationIsVisible = 0;
			defaultConfigurationName = Release;
		};
/* End XCConfigurationList section */
	};
	rootObject = 329A04492BADD62C00AFCDC7 /* Project object */;
}
